
Microsoft Visual Studio Solution File, Format Version 12.00
# Visual Studio Version 17
VisualStudioVersion = 17.9.34622.214
MinimumVisualStudioVersion = 10.0.40219.1
Project("{FAE04EC0-301F-11D3-BF4B-00C04F79EFBC}") = "DatingApp.API", "DatingApp.API\DatingApp.API.csproj", "{2BB4E5E4-5D9E-4C8F-96F9-06EF51BF62CF}"
EndProject
Global
	GlobalSection(SolutionConfigurationPlatforms) = preSolution
		Debug|Any CPU = Debug|Any CPU
		Release|Any CPU = Release|Any CPU
	EndGlobalSection
	GlobalSection(ProjectConfigurationPlatforms) = postSolution
		{2BB4E5E4-5D9E-4C8F-96F9-06EF51BF62CF}.Debug|Any CPU.ActiveCfg = Debug|Any CPU
		{2BB4E5E4-5D9E-4C8F-96F9-06EF51BF62CF}.Debug|Any CPU.Build.0 = Debug|Any CPU
		{2BB4E5E4-5D9E-4C8F-96F9-06EF51BF62CF}.Release|Any CPU.ActiveCfg = Release|Any CPU
		{2BB4E5E4-5D9E-4C8F-96F9-06EF51BF62CF}.Release|Any CPU.Build.0 = Release|Any CPU
	EndGlobalSection
	GlobalSection(SolutionProperties) = preSolution
		HideSolutionNode = FALSE
	EndGlobalSection
	GlobalSection(ExtensibilityGlobals) = postSolution
		SolutionGuid = {9B5995D0-97F7-43B3-9B52-F5F81B189810}
	EndGlobalSection
EndGlobal
